
Microsoft Visual Studio Solution File, Format Version 12.00
# Visual Studio Version 16
VisualStudioVersion = 16.0.31112.23
MinimumVisualStudioVersion = 10.0.40219.1
Project("{9A19103F-16F7-4668-BE54-9A1E7A4F7556}") = "Fibula.DataAccess.Contracts", "Fibula.DataAccess.Contracts\Fibula.DataAccess.Contracts.csproj", "{ACC75AD6-94B8-4900-BD2F-D16F3EFC84A4}"
EndProject
Project("{9A19103F-16F7-4668-BE54-9A1E7A4F7556}") = "Fibula.DataAccess", "Fibula.DataAccess\Fibula.DataAccess.csproj", "{0CFE5E5A-8AAA-41BB-BB66-E1F2FB066579}"
EndProject
Global
	GlobalSection(SolutionConfigurationPlatforms) = preSolution
		Debug|Any CPU = Debug|Any CPU
		Release|Any CPU = Release|Any CPU
	EndGlobalSection
	GlobalSection(ProjectConfigurationPlatforms) = postSolution
		{ACC75AD6-94B8-4900-BD2F-D16F3EFC84A4}.Debug|Any CPU.ActiveCfg = Debug|Any CPU
		{ACC75AD6-94B8-4900-BD2F-D16F3EFC84A4}.Debug|Any CPU.Build.0 = Debug|Any CPU
		{ACC75AD6-94B8-4900-BD2F-D16F3EFC84A4}.Release|Any CPU.ActiveCfg = Release|Any CPU
		{ACC75AD6-94B8-4900-BD2F-D16F3EFC84A4}.Release|Any CPU.Build.0 = Release|Any CPU
		{0CFE5E5A-8AAA-41BB-BB66-E1F2FB066579}.Debug|Any CPU.ActiveCfg = Debug|Any CPU
		{0CFE5E5A-8AAA-41BB-BB66-E1F2FB066579}.Debug|Any CPU.Build.0 = Debug|Any CPU
		{0CFE5E5A-8AAA-41BB-BB66-E1F2FB066579}.Release|Any CPU.ActiveCfg = Release|Any CPU
		{0CFE5E5A-8AAA-41BB-BB66-E1F2FB066579}.Release|Any CPU.Build.0 = Release|Any CPU
	EndGlobalSection
	GlobalSection(SolutionProperties) = preSolution
		HideSolutionNode = FALSE
	EndGlobalSection
	GlobalSection(ExtensibilityGlobals) = postSolution
		SolutionGuid = {C809C1ED-B97B-4584-9832-308776797085}
	EndGlobalSection
EndGlobal
